
Microsoft Visual Studio Solution File, Format Version 12.00
# Visual Studio Version 16
VisualStudioVersion = 16.0.33214.272
MinimumVisualStudioVersion = 10.0.40219.1
Project("{FAE04EC0-301F-11D3-BF4B-00C04F79EFBC}") = "ConsoleApp22", "ConsoleApp22\ConsoleApp22.csproj", "{88CFFE68-11E1-4E0C-960C-90EE0CE53205}"
EndProject
Global
	GlobalSection(SolutionConfigurationPlatforms) = preSolution
		Debug|Any CPU = Debug|Any CPU
		Release|Any CPU = Release|Any CPU
	EndGlobalSection
	GlobalSection(ProjectConfigurationPlatforms) = postSolution
		{88CFFE68-11E1-4E0C-960C-90EE0CE53205}.Debug|Any CPU.ActiveCfg = Debug|Any CPU
		{88CFFE68-11E1-4E0C-960C-90EE0CE53205}.Debug|Any CPU.Build.0 = Debug|Any CPU
		{88CFFE68-11E1-4E0C-960C-90EE0CE53205}.Release|Any CPU.ActiveCfg = Release|Any CPU
		{88CFFE68-11E1-4E0C-960C-90EE0CE53205}.Release|Any CPU.Build.0 = Release|Any CPU
	EndGlobalSection
	GlobalSection(SolutionProperties) = preSolution
		HideSolutionNode = FALSE
	EndGlobalSection
	GlobalSection(ExtensibilityGlobals) = postSolution
		SolutionGuid = {8BA88C24-A473-4754-BAD5-5F35996EB1DE}
	EndGlobalSection
EndGlobal
